
Microsoft Visual Studio Solution File, Format Version 12.00
# Visual Studio Version 17
VisualStudioVersion = 17.0.32014.148
MinimumVisualStudioVersion = 10.0.40219.1
Project("{2150E333-8FDC-42A3-9474-1A3956D46DE8}") = "Solution Items", "Solution Items", "{BFBBC84E-E241-4016-8586-0C0DA3E8D388}"
	ProjectSection(SolutionItems) = preProject
		LICENSE = LICENSE
		README.md = README.md
		Docs\VKB LEDs Protocol.pdf = Docs\VKB LEDs Protocol.pdf
		Docs\x52_buttons.txt = Docs\x52_buttons.txt
	EndProjectSection
EndProject
Project("{2150E333-8FDC-42A3-9474-1A3956D46DE8}") = "Driver", "Driver", "{53F1EEF1-F715-4288-9C60-25FA65E8A4FF}"
	ProjectSection(SolutionItems) = preProject
		Driver\vJoySetup.exe = Driver\vJoySetup.exe
		Driver\winusb_pedales.cat = Driver\winusb_pedales.cat
		Driver\winusb_pedales.inf = Driver\winusb_pedales.inf
		Driver\winusb_x52.cat = Driver\winusb_x52.cat
		Driver\winusb_x52.inf = Driver\winusb_x52.inf
	EndProjectSection
EndProject
Project("{2150E333-8FDC-42A3-9474-1A3956D46DE8}") = "User", "User", "{E76A424D-9A61-4C0D-8B2D-085DCA1CACE7}"
EndProject
Project("{8BC9CEB8-8B4A-11D0-8D11-00A0C91BC942}") = "ugcp_svc", "User\ugcp_svc\ugcp_svc.vcxproj", "{FB85A669-9A7B-41E3-A150-48CC55E7C785}"
EndProject
Project("{9A19103F-16F7-4668-BE54-9A1E7A4F7556}") = "Shared", "User\Shrared\Shared.csproj", "{96C167C8-A0F9-4882-8A96-5AED739B603F}"
EndProject
Project("{9A19103F-16F7-4668-BE54-9A1E7A4F7556}") = "Launcher", "User\Launcher\Launcher.csproj", "{584DB68E-FEF0-488B-8B09-899CDCC444CB}"
EndProject
Project("{8BC9CEB8-8B4A-11D0-8D11-00A0C91BC942}") = "CPP2CS", "User\CPP2CS\CPP2CS.vcxproj", "{6DE78144-2A0E-47BF-80D6-BBAFFC123D99}"
EndProject
Project("{FAE04EC0-301F-11D3-BF4B-00C04F79EFBC}") = "RawInputHelper", "User\RawInputHelper\RawInputHelper.csproj", "{7A8F7261-694B-AD7B-7EEE-36DCBDF6344F}"
EndProject
Project("{FAE04EC0-301F-11D3-BF4B-00C04F79EFBC}") = "Profiler", "User\Profiler\Profiler.csproj", "{6A05A7CE-C95C-4239-9C8E-0530780A4353}"
EndProject
Global
	GlobalSection(SolutionConfigurationPlatforms) = preSolution
		Debug|x64 = Debug|x64
		Release|x64 = Release|x64
	EndGlobalSection
	GlobalSection(ProjectConfigurationPlatforms) = postSolution
		{FB85A669-9A7B-41E3-A150-48CC55E7C785}.Debug|x64.ActiveCfg = Debug|x64
		{FB85A669-9A7B-41E3-A150-48CC55E7C785}.Debug|x64.Build.0 = Debug|x64
		{FB85A669-9A7B-41E3-A150-48CC55E7C785}.Release|x64.ActiveCfg = Release|x64
		{FB85A669-9A7B-41E3-A150-48CC55E7C785}.Release|x64.Build.0 = Release|x64
		{96C167C8-A0F9-4882-8A96-5AED739B603F}.Debug|x64.ActiveCfg = Debug|x64
		{96C167C8-A0F9-4882-8A96-5AED739B603F}.Debug|x64.Build.0 = Debug|x64
		{96C167C8-A0F9-4882-8A96-5AED739B603F}.Release|x64.ActiveCfg = Release|x64
		{96C167C8-A0F9-4882-8A96-5AED739B603F}.Release|x64.Build.0 = Release|x64
		{584DB68E-FEF0-488B-8B09-899CDCC444CB}.Debug|x64.ActiveCfg = Debug|x64
		{584DB68E-FEF0-488B-8B09-899CDCC444CB}.Debug|x64.Build.0 = Debug|x64
		{584DB68E-FEF0-488B-8B09-899CDCC444CB}.Release|x64.ActiveCfg = Release|x64
		{584DB68E-FEF0-488B-8B09-899CDCC444CB}.Release|x64.Build.0 = Release|x64
		{6DE78144-2A0E-47BF-80D6-BBAFFC123D99}.Debug|x64.ActiveCfg = Debug|x64
		{6DE78144-2A0E-47BF-80D6-BBAFFC123D99}.Debug|x64.Build.0 = Debug|x64
		{6DE78144-2A0E-47BF-80D6-BBAFFC123D99}.Release|x64.ActiveCfg = Release|x64
		{6DE78144-2A0E-47BF-80D6-BBAFFC123D99}.Release|x64.Build.0 = Release|x64
		{7A8F7261-694B-AD7B-7EEE-36DCBDF6344F}.Debug|x64.ActiveCfg = Debug|x64
		{7A8F7261-694B-AD7B-7EEE-36DCBDF6344F}.Debug|x64.Build.0 = Debug|x64
		{7A8F7261-694B-AD7B-7EEE-36DCBDF6344F}.Release|x64.ActiveCfg = Release|x64
		{7A8F7261-694B-AD7B-7EEE-36DCBDF6344F}.Release|x64.Build.0 = Release|x64
		{6A05A7CE-C95C-4239-9C8E-0530780A4353}.Debug|x64.ActiveCfg = Debug|x64
		{6A05A7CE-C95C-4239-9C8E-0530780A4353}.Debug|x64.Build.0 = Debug|x64
		{6A05A7CE-C95C-4239-9C8E-0530780A4353}.Release|x64.ActiveCfg = Release|x64
		{6A05A7CE-C95C-4239-9C8E-0530780A4353}.Release|x64.Build.0 = Release|x64
	EndGlobalSection
	GlobalSection(SolutionProperties) = preSolution
		HideSolutionNode = FALSE
	EndGlobalSection
	GlobalSection(NestedProjects) = preSolution
		{FB85A669-9A7B-41E3-A150-48CC55E7C785} = {E76A424D-9A61-4C0D-8B2D-085DCA1CACE7}
		{96C167C8-A0F9-4882-8A96-5AED739B603F} = {E76A424D-9A61-4C0D-8B2D-085DCA1CACE7}
		{584DB68E-FEF0-488B-8B09-899CDCC444CB} = {E76A424D-9A61-4C0D-8B2D-085DCA1CACE7}
		{6DE78144-2A0E-47BF-80D6-BBAFFC123D99} = {E76A424D-9A61-4C0D-8B2D-085DCA1CACE7}
		{7A8F7261-694B-AD7B-7EEE-36DCBDF6344F} = {E76A424D-9A61-4C0D-8B2D-085DCA1CACE7}
		{6A05A7CE-C95C-4239-9C8E-0530780A4353} = {E76A424D-9A61-4C0D-8B2D-085DCA1CACE7}
	EndGlobalSection
	GlobalSection(ExtensibilityGlobals) = postSolution
		SolutionGuid = {92C35703-B89E-4F01-B7CD-259D00B377F4}
	EndGlobalSection
EndGlobal
