
Microsoft Visual Studio Solution File, Format Version 12.00
# Visual Studio 14
VisualStudioVersion = 14.0.23107.0
MinimumVisualStudioVersion = 10.0.40219.1
Project("{2150E333-8FDC-42A3-9474-1A3956D46DE8}") = "Infs", "Infs", "{83B33AB6-544E-49B8-B6B0-A16FF14F6CD4}"
	ProjectSection(SolutionItems) = preProject
		Driver\inf\CA.cer = Driver\inf\CA.cer
		Driver\inf\CA.pvk = Driver\inf\CA.pvk
		Driver\inf\CodeSigning.cer = Driver\inf\CodeSigning.cer
		Driver\inf\CodeSigning.pfx = Driver\inf\CodeSigning.pfx
		Driver\inf\CodeSigning.pvk = Driver\inf\CodeSigning.pvk
		Driver\inf\firmado.txt = Driver\inf\firmado.txt
		Driver\inf\uninstall.inf = Driver\inf\uninstall.inf
		Driver\inf\Vista_Seven_x64_Sign.zip = Driver\inf\Vista_Seven_x64_Sign.zip
		Driver\inf\xh_hid.inf = Driver\inf\xh_hid.inf
		Driver\inf\xhotas.inf = Driver\inf\xhotas.inf
	EndProjectSection
EndProject
Project("{2150E333-8FDC-42A3-9474-1A3956D46DE8}") = "Driver", "Driver", "{98460BE7-533F-4AD8-B8A9-2D086C5693F1}"
EndProject
Project("{2150E333-8FDC-42A3-9474-1A3956D46DE8}") = "Usuario", "Usuario", "{8967877F-7765-4DC6-B807-BC66E41BE88D}"
EndProject
Project("{2150E333-8FDC-42A3-9474-1A3956D46DE8}") = "Setup", "Setup", "{0D652C85-8374-4C96-AC16-FE66029F4EFF}"
EndProject
Project("{2150E333-8FDC-42A3-9474-1A3956D46DE8}") = "Programas", "Programas", "{F81F58AE-4EDA-406C-8F3A-646885EB0D20}"
EndProject
Project("{8BC9CEB8-8B4A-11D0-8D11-00A0C91BC942}") = "DirectInput", "Usuario\Programas\Calibrator\DirectInput\DirectInput.vcxproj", "{4FBD3BE8-5CF9-482B-B95D-4E1CFFD2B9DE}"
EndProject
Project("{F184B08F-C81C-45F6-A57F-5ABD9991F28F}") = "Calibrator_antiguo", "Usuario\Programas\Calibrator\Interfaz\Calibrator_antiguo.vbproj", "{833CC367-EC70-4C04-9CD3-53157CBEEBD2}"
EndProject
Project("{2150E333-8FDC-42A3-9474-1A3956D46DE8}") = "Calibrator", "Calibrator", "{17BDB891-E88D-4851-8D78-3D35009FDC58}"
EndProject
Project("{8BC9CEB8-8B4A-11D0-8D11-00A0C91BC942}") = "Comsbn", "Usuario\Programas\Comsbn\Comsbn.vcxproj", "{591CC2E3-614F-41B5-A0C4-979644465A48}"
EndProject
Project("{F184B08F-C81C-45F6-A57F-5ABD9991F28F}") = "Editor", "Usuario\Programas\Editor\Editor.vbproj", "{663E9E41-D328-4A5E-A55D-88669B34CF6E}"
EndProject
Project("{8BC9CEB8-8B4A-11D0-8D11-00A0C91BC942}") = "Launcher", "Usuario\Programas\Launcher\Launcher.vcxproj", "{8D378DEC-E15F-4973-8603-41661FEC55E9}"
EndProject
Project("{2150E333-8FDC-42A3-9474-1A3956D46DE8}") = "Traducciones", "Traducciones", "{D14EE756-4DBA-406C-BAE5-B3E0DC20D541}"
	ProjectSection(SolutionItems) = preProject
		Usuario\Programas\english-us.kbp = Usuario\Programas\english-us.kbp
		Usuario\Programas\english.xml = Usuario\Programas\english.xml
		Usuario\Programas\español-es.kbp = Usuario\Programas\español-es.kbp
		Usuario\Programas\spanish.xml = Usuario\Programas\spanish.xml
	EndProjectSection
EndProject
Project("{FAE04EC0-301F-11D3-BF4B-00C04F79EFBC}") = "Calibrator", "Usuario\Programas\Calibrator\Calibrator\Calibrator.csproj", "{FA55CFB5-5D53-4E10-84D7-C6AAF35FF8B5}"
EndProject
Project("{8BC9CEB8-8B4A-11D0-8D11-00A0C91BC942}") = "DrvSetup", "Usuario\SetupDrv\DrvAPI.vcxproj", "{D236D114-9A35-420C-9875-BD6C252A4CDD}"
EndProject
Project("{8BC9CEB8-8B4A-11D0-8D11-00A0C91BC942}") = "xh_vmd", "Driver\xh_vmd\xh_vmd.vcxproj", "{AAE5EA45-13A6-4201-A588-8545CE091369}"
EndProject
Project("{8BC9CEB8-8B4A-11D0-8D11-00A0C91BC942}") = "xh_vmdf", "Driver\xh_vmdf\xh_vmdf.vcxproj", "{A5D6E927-C000-45E1-B1B9-F0EA6ECEB5D2}"
EndProject
Project("{8BC9CEB8-8B4A-11D0-8D11-00A0C91BC942}") = "xusb_hid", "Driver\xusb_hid\xusb_hid.vcxproj", "{25B04DCB-2DA5-467B-9355-8C336980F2A2}"
EndProject
Project("{2150E333-8FDC-42A3-9474-1A3956D46DE8}") = "inst", "inst", "{3A676AB5-480C-49EF-B661-3BEC8EFE7BF3}"
	ProjectSection(SolutionItems) = preProject
		inst\Setup.exe = inst\Setup.exe
		inst\uninstall.inf = inst\uninstall.inf
		inst\WdfCoInstaller01009.dll = inst\WdfCoInstaller01009.dll
		inst\WUDFUpdate_01009.dll = inst\WUDFUpdate_01009.dll
		inst\xh_hid.cat = inst\xh_hid.cat
		inst\xh_hid.inf = inst\xh_hid.inf
		inst\xh_vmd.sys = inst\xh_vmd.sys
		inst\xh_vmdf.sys = inst\xh_vmdf.sys
		inst\xhotas.cat = inst\xhotas.cat
		inst\xhotas.inf = inst\xhotas.inf
		inst\xusb_hid.sys = inst\xusb_hid.sys
	EndProjectSection
EndProject
Project("{2150E333-8FDC-42A3-9474-1A3956D46DE8}") = "Solution Items", "Solution Items", "{BFBBC84E-E241-4016-8586-0C0DA3E8D388}"
	ProjectSection(SolutionItems) = preProject
		botones.txt = botones.txt
	EndProjectSection
EndProject
Global
	GlobalSection(SolutionConfigurationPlatforms) = preSolution
		Debug|ARM = Debug|ARM
		Debug|ARM64 = Debug|ARM64
		Debug|x64 = Debug|x64
		Debug|x86 = Debug|x86
		Release|ARM = Release|ARM
		Release|ARM64 = Release|ARM64
		Release|x64 = Release|x64
		Release|x86 = Release|x86
	EndGlobalSection
	GlobalSection(ProjectConfigurationPlatforms) = postSolution
		{4FBD3BE8-5CF9-482B-B95D-4E1CFFD2B9DE}.Debug|ARM.ActiveCfg = Debug|Win32
		{4FBD3BE8-5CF9-482B-B95D-4E1CFFD2B9DE}.Debug|ARM64.ActiveCfg = Debug|Win32
		{4FBD3BE8-5CF9-482B-B95D-4E1CFFD2B9DE}.Debug|x64.ActiveCfg = Debug|x64
		{4FBD3BE8-5CF9-482B-B95D-4E1CFFD2B9DE}.Debug|x64.Build.0 = Debug|x64
		{4FBD3BE8-5CF9-482B-B95D-4E1CFFD2B9DE}.Debug|x86.ActiveCfg = Debug|Win32
		{4FBD3BE8-5CF9-482B-B95D-4E1CFFD2B9DE}.Debug|x86.Build.0 = Debug|Win32
		{4FBD3BE8-5CF9-482B-B95D-4E1CFFD2B9DE}.Release|ARM.ActiveCfg = Release|Win32
		{4FBD3BE8-5CF9-482B-B95D-4E1CFFD2B9DE}.Release|ARM64.ActiveCfg = Release|Win32
		{4FBD3BE8-5CF9-482B-B95D-4E1CFFD2B9DE}.Release|x64.ActiveCfg = Release|x64
		{4FBD3BE8-5CF9-482B-B95D-4E1CFFD2B9DE}.Release|x64.Build.0 = Release|x64
		{4FBD3BE8-5CF9-482B-B95D-4E1CFFD2B9DE}.Release|x86.ActiveCfg = Release|Win32
		{4FBD3BE8-5CF9-482B-B95D-4E1CFFD2B9DE}.Release|x86.Build.0 = Release|Win32
		{833CC367-EC70-4C04-9CD3-53157CBEEBD2}.Debug|ARM.ActiveCfg = Debug|Any CPU
		{833CC367-EC70-4C04-9CD3-53157CBEEBD2}.Debug|ARM.Build.0 = Debug|Any CPU
		{833CC367-EC70-4C04-9CD3-53157CBEEBD2}.Debug|ARM64.ActiveCfg = Debug|Any CPU
		{833CC367-EC70-4C04-9CD3-53157CBEEBD2}.Debug|ARM64.Build.0 = Debug|Any CPU
		{833CC367-EC70-4C04-9CD3-53157CBEEBD2}.Debug|x64.ActiveCfg = Debug|x64
		{833CC367-EC70-4C04-9CD3-53157CBEEBD2}.Debug|x86.ActiveCfg = Debug|Any CPU
		{833CC367-EC70-4C04-9CD3-53157CBEEBD2}.Debug|x86.Build.0 = Debug|Any CPU
		{833CC367-EC70-4C04-9CD3-53157CBEEBD2}.Release|ARM.ActiveCfg = Release|Any CPU
		{833CC367-EC70-4C04-9CD3-53157CBEEBD2}.Release|ARM.Build.0 = Release|Any CPU
		{833CC367-EC70-4C04-9CD3-53157CBEEBD2}.Release|ARM64.ActiveCfg = Release|Any CPU
		{833CC367-EC70-4C04-9CD3-53157CBEEBD2}.Release|ARM64.Build.0 = Release|Any CPU
		{833CC367-EC70-4C04-9CD3-53157CBEEBD2}.Release|x64.ActiveCfg = Release|x64
		{833CC367-EC70-4C04-9CD3-53157CBEEBD2}.Release|x64.Build.0 = Release|x64
		{833CC367-EC70-4C04-9CD3-53157CBEEBD2}.Release|x86.ActiveCfg = Release|Any CPU
		{833CC367-EC70-4C04-9CD3-53157CBEEBD2}.Release|x86.Build.0 = Release|Any CPU
		{591CC2E3-614F-41B5-A0C4-979644465A48}.Debug|ARM.ActiveCfg = Debug|Win32
		{591CC2E3-614F-41B5-A0C4-979644465A48}.Debug|ARM64.ActiveCfg = Debug|Win32
		{591CC2E3-614F-41B5-A0C4-979644465A48}.Debug|x64.ActiveCfg = Debug|x64
		{591CC2E3-614F-41B5-A0C4-979644465A48}.Debug|x64.Build.0 = Debug|x64
		{591CC2E3-614F-41B5-A0C4-979644465A48}.Debug|x86.ActiveCfg = Debug|Win32
		{591CC2E3-614F-41B5-A0C4-979644465A48}.Debug|x86.Build.0 = Debug|Win32
		{591CC2E3-614F-41B5-A0C4-979644465A48}.Release|ARM.ActiveCfg = Release|Win32
		{591CC2E3-614F-41B5-A0C4-979644465A48}.Release|ARM64.ActiveCfg = Release|Win32
		{591CC2E3-614F-41B5-A0C4-979644465A48}.Release|x64.ActiveCfg = Release|x64
		{591CC2E3-614F-41B5-A0C4-979644465A48}.Release|x64.Build.0 = Release|x64
		{591CC2E3-614F-41B5-A0C4-979644465A48}.Release|x86.ActiveCfg = Release|Win32
		{591CC2E3-614F-41B5-A0C4-979644465A48}.Release|x86.Build.0 = Release|Win32
		{663E9E41-D328-4A5E-A55D-88669B34CF6E}.Debug|ARM.ActiveCfg = Debug|Any CPU
		{663E9E41-D328-4A5E-A55D-88669B34CF6E}.Debug|ARM.Build.0 = Debug|Any CPU
		{663E9E41-D328-4A5E-A55D-88669B34CF6E}.Debug|ARM64.ActiveCfg = Debug|Any CPU
		{663E9E41-D328-4A5E-A55D-88669B34CF6E}.Debug|ARM64.Build.0 = Debug|Any CPU
		{663E9E41-D328-4A5E-A55D-88669B34CF6E}.Debug|x64.ActiveCfg = Debug|x64
		{663E9E41-D328-4A5E-A55D-88669B34CF6E}.Debug|x64.Build.0 = Debug|x64
		{663E9E41-D328-4A5E-A55D-88669B34CF6E}.Debug|x86.ActiveCfg = Debug|Any CPU
		{663E9E41-D328-4A5E-A55D-88669B34CF6E}.Debug|x86.Build.0 = Debug|Any CPU
		{663E9E41-D328-4A5E-A55D-88669B34CF6E}.Release|ARM.ActiveCfg = Release|Any CPU
		{663E9E41-D328-4A5E-A55D-88669B34CF6E}.Release|ARM.Build.0 = Release|Any CPU
		{663E9E41-D328-4A5E-A55D-88669B34CF6E}.Release|ARM64.ActiveCfg = Release|Any CPU
		{663E9E41-D328-4A5E-A55D-88669B34CF6E}.Release|ARM64.Build.0 = Release|Any CPU
		{663E9E41-D328-4A5E-A55D-88669B34CF6E}.Release|x64.ActiveCfg = Release|x64
		{663E9E41-D328-4A5E-A55D-88669B34CF6E}.Release|x64.Build.0 = Release|x64
		{663E9E41-D328-4A5E-A55D-88669B34CF6E}.Release|x86.ActiveCfg = Release|Any CPU
		{663E9E41-D328-4A5E-A55D-88669B34CF6E}.Release|x86.Build.0 = Release|Any CPU
		{8D378DEC-E15F-4973-8603-41661FEC55E9}.Debug|ARM.ActiveCfg = Debug|Win32
		{8D378DEC-E15F-4973-8603-41661FEC55E9}.Debug|ARM64.ActiveCfg = Debug|Win32
		{8D378DEC-E15F-4973-8603-41661FEC55E9}.Debug|x64.ActiveCfg = Debug|x64
		{8D378DEC-E15F-4973-8603-41661FEC55E9}.Debug|x64.Build.0 = Debug|x64
		{8D378DEC-E15F-4973-8603-41661FEC55E9}.Debug|x86.ActiveCfg = Debug|Win32
		{8D378DEC-E15F-4973-8603-41661FEC55E9}.Debug|x86.Build.0 = Debug|Win32
		{8D378DEC-E15F-4973-8603-41661FEC55E9}.Release|ARM.ActiveCfg = Release|Win32
		{8D378DEC-E15F-4973-8603-41661FEC55E9}.Release|ARM64.ActiveCfg = Release|Win32
		{8D378DEC-E15F-4973-8603-41661FEC55E9}.Release|x64.ActiveCfg = Release|x64
		{8D378DEC-E15F-4973-8603-41661FEC55E9}.Release|x64.Build.0 = Release|x64
		{8D378DEC-E15F-4973-8603-41661FEC55E9}.Release|x86.ActiveCfg = Release|Win32
		{8D378DEC-E15F-4973-8603-41661FEC55E9}.Release|x86.Build.0 = Release|Win32
		{FA55CFB5-5D53-4E10-84D7-C6AAF35FF8B5}.Debug|ARM.ActiveCfg = Debug|Any CPU
		{FA55CFB5-5D53-4E10-84D7-C6AAF35FF8B5}.Debug|ARM.Build.0 = Debug|Any CPU
		{FA55CFB5-5D53-4E10-84D7-C6AAF35FF8B5}.Debug|ARM64.ActiveCfg = Debug|Any CPU
		{FA55CFB5-5D53-4E10-84D7-C6AAF35FF8B5}.Debug|ARM64.Build.0 = Debug|Any CPU
		{FA55CFB5-5D53-4E10-84D7-C6AAF35FF8B5}.Debug|x64.ActiveCfg = Debug|Any CPU
		{FA55CFB5-5D53-4E10-84D7-C6AAF35FF8B5}.Debug|x64.Build.0 = Debug|Any CPU
		{FA55CFB5-5D53-4E10-84D7-C6AAF35FF8B5}.Debug|x86.ActiveCfg = Debug|Any CPU
		{FA55CFB5-5D53-4E10-84D7-C6AAF35FF8B5}.Debug|x86.Build.0 = Debug|Any CPU
		{FA55CFB5-5D53-4E10-84D7-C6AAF35FF8B5}.Release|ARM.ActiveCfg = Release|Any CPU
		{FA55CFB5-5D53-4E10-84D7-C6AAF35FF8B5}.Release|ARM.Build.0 = Release|Any CPU
		{FA55CFB5-5D53-4E10-84D7-C6AAF35FF8B5}.Release|ARM64.ActiveCfg = Release|Any CPU
		{FA55CFB5-5D53-4E10-84D7-C6AAF35FF8B5}.Release|ARM64.Build.0 = Release|Any CPU
		{FA55CFB5-5D53-4E10-84D7-C6AAF35FF8B5}.Release|x64.ActiveCfg = Release|x64
		{FA55CFB5-5D53-4E10-84D7-C6AAF35FF8B5}.Release|x64.Build.0 = Release|x64
		{FA55CFB5-5D53-4E10-84D7-C6AAF35FF8B5}.Release|x86.ActiveCfg = Release|Any CPU
		{FA55CFB5-5D53-4E10-84D7-C6AAF35FF8B5}.Release|x86.Build.0 = Release|Any CPU
		{D236D114-9A35-420C-9875-BD6C252A4CDD}.Debug|ARM.ActiveCfg = Debug|Win32
		{D236D114-9A35-420C-9875-BD6C252A4CDD}.Debug|ARM64.ActiveCfg = Debug|Win32
		{D236D114-9A35-420C-9875-BD6C252A4CDD}.Debug|x64.ActiveCfg = Debug|x64
		{D236D114-9A35-420C-9875-BD6C252A4CDD}.Debug|x64.Build.0 = Debug|x64
		{D236D114-9A35-420C-9875-BD6C252A4CDD}.Debug|x86.ActiveCfg = Debug|Win32
		{D236D114-9A35-420C-9875-BD6C252A4CDD}.Debug|x86.Build.0 = Debug|Win32
		{D236D114-9A35-420C-9875-BD6C252A4CDD}.Release|ARM.ActiveCfg = Release|Win32
		{D236D114-9A35-420C-9875-BD6C252A4CDD}.Release|ARM64.ActiveCfg = Release|Win32
		{D236D114-9A35-420C-9875-BD6C252A4CDD}.Release|x64.ActiveCfg = Release|x64
		{D236D114-9A35-420C-9875-BD6C252A4CDD}.Release|x64.Build.0 = Release|x64
		{D236D114-9A35-420C-9875-BD6C252A4CDD}.Release|x86.ActiveCfg = Release|Win32
		{D236D114-9A35-420C-9875-BD6C252A4CDD}.Release|x86.Build.0 = Release|Win32
		{AAE5EA45-13A6-4201-A588-8545CE091369}.Debug|ARM.ActiveCfg = Debug|ARM
		{AAE5EA45-13A6-4201-A588-8545CE091369}.Debug|ARM.Build.0 = Debug|ARM
		{AAE5EA45-13A6-4201-A588-8545CE091369}.Debug|ARM64.ActiveCfg = Debug|ARM64
		{AAE5EA45-13A6-4201-A588-8545CE091369}.Debug|ARM64.Build.0 = Debug|ARM64
		{AAE5EA45-13A6-4201-A588-8545CE091369}.Debug|x64.ActiveCfg = Debug|x64
		{AAE5EA45-13A6-4201-A588-8545CE091369}.Debug|x64.Build.0 = Debug|x64
		{AAE5EA45-13A6-4201-A588-8545CE091369}.Debug|x64.Deploy.0 = Debug|x64
		{AAE5EA45-13A6-4201-A588-8545CE091369}.Debug|x86.ActiveCfg = Debug|Win32
		{AAE5EA45-13A6-4201-A588-8545CE091369}.Debug|x86.Build.0 = Debug|Win32
		{AAE5EA45-13A6-4201-A588-8545CE091369}.Debug|x86.Deploy.0 = Debug|Win32
		{AAE5EA45-13A6-4201-A588-8545CE091369}.Release|ARM.ActiveCfg = Release|ARM
		{AAE5EA45-13A6-4201-A588-8545CE091369}.Release|ARM.Build.0 = Release|ARM
		{AAE5EA45-13A6-4201-A588-8545CE091369}.Release|ARM64.ActiveCfg = Release|ARM64
		{AAE5EA45-13A6-4201-A588-8545CE091369}.Release|ARM64.Build.0 = Release|ARM64
		{AAE5EA45-13A6-4201-A588-8545CE091369}.Release|x64.ActiveCfg = Release|x64
		{AAE5EA45-13A6-4201-A588-8545CE091369}.Release|x64.Build.0 = Release|x64
		{AAE5EA45-13A6-4201-A588-8545CE091369}.Release|x64.Deploy.0 = Release|x64
		{AAE5EA45-13A6-4201-A588-8545CE091369}.Release|x86.ActiveCfg = Release|Win32
		{AAE5EA45-13A6-4201-A588-8545CE091369}.Release|x86.Build.0 = Release|Win32
		{AAE5EA45-13A6-4201-A588-8545CE091369}.Release|x86.Deploy.0 = Release|Win32
		{A5D6E927-C000-45E1-B1B9-F0EA6ECEB5D2}.Debug|ARM.ActiveCfg = Debug|ARM
		{A5D6E927-C000-45E1-B1B9-F0EA6ECEB5D2}.Debug|ARM.Build.0 = Debug|ARM
		{A5D6E927-C000-45E1-B1B9-F0EA6ECEB5D2}.Debug|ARM64.ActiveCfg = Debug|ARM64
		{A5D6E927-C000-45E1-B1B9-F0EA6ECEB5D2}.Debug|ARM64.Build.0 = Debug|ARM64
		{A5D6E927-C000-45E1-B1B9-F0EA6ECEB5D2}.Debug|x64.ActiveCfg = Debug|x64
		{A5D6E927-C000-45E1-B1B9-F0EA6ECEB5D2}.Debug|x64.Build.0 = Debug|x64
		{A5D6E927-C000-45E1-B1B9-F0EA6ECEB5D2}.Debug|x86.ActiveCfg = Debug|Win32
		{A5D6E927-C000-45E1-B1B9-F0EA6ECEB5D2}.Debug|x86.Build.0 = Debug|Win32
		{A5D6E927-C000-45E1-B1B9-F0EA6ECEB5D2}.Debug|x86.Deploy.0 = Debug|Win32
		{A5D6E927-C000-45E1-B1B9-F0EA6ECEB5D2}.Release|ARM.ActiveCfg = Release|ARM
		{A5D6E927-C000-45E1-B1B9-F0EA6ECEB5D2}.Release|ARM.Build.0 = Release|ARM
		{A5D6E927-C000-45E1-B1B9-F0EA6ECEB5D2}.Release|ARM64.ActiveCfg = Release|ARM64
		{A5D6E927-C000-45E1-B1B9-F0EA6ECEB5D2}.Release|ARM64.Build.0 = Release|ARM64
		{A5D6E927-C000-45E1-B1B9-F0EA6ECEB5D2}.Release|x64.ActiveCfg = Release|x64
		{A5D6E927-C000-45E1-B1B9-F0EA6ECEB5D2}.Release|x64.Build.0 = Release|x64
		{A5D6E927-C000-45E1-B1B9-F0EA6ECEB5D2}.Release|x86.ActiveCfg = Release|Win32
		{A5D6E927-C000-45E1-B1B9-F0EA6ECEB5D2}.Release|x86.Build.0 = Release|Win32
		{A5D6E927-C000-45E1-B1B9-F0EA6ECEB5D2}.Release|x86.Deploy.0 = Release|Win32
		{25B04DCB-2DA5-467B-9355-8C336980F2A2}.Debug|ARM.ActiveCfg = Debug|ARM
		{25B04DCB-2DA5-467B-9355-8C336980F2A2}.Debug|ARM.Build.0 = Debug|ARM
		{25B04DCB-2DA5-467B-9355-8C336980F2A2}.Debug|ARM64.ActiveCfg = Debug|ARM64
		{25B04DCB-2DA5-467B-9355-8C336980F2A2}.Debug|ARM64.Build.0 = Debug|ARM64
		{25B04DCB-2DA5-467B-9355-8C336980F2A2}.Debug|x64.ActiveCfg = Debug|x64
		{25B04DCB-2DA5-467B-9355-8C336980F2A2}.Debug|x64.Build.0 = Debug|x64
		{25B04DCB-2DA5-467B-9355-8C336980F2A2}.Debug|x86.ActiveCfg = Debug|Win32
		{25B04DCB-2DA5-467B-9355-8C336980F2A2}.Debug|x86.Build.0 = Debug|Win32
		{25B04DCB-2DA5-467B-9355-8C336980F2A2}.Debug|x86.Deploy.0 = Debug|Win32
		{25B04DCB-2DA5-467B-9355-8C336980F2A2}.Release|ARM.ActiveCfg = Release|ARM
		{25B04DCB-2DA5-467B-9355-8C336980F2A2}.Release|ARM.Build.0 = Release|ARM
		{25B04DCB-2DA5-467B-9355-8C336980F2A2}.Release|ARM64.ActiveCfg = Release|ARM64
		{25B04DCB-2DA5-467B-9355-8C336980F2A2}.Release|ARM64.Build.0 = Release|ARM64
		{25B04DCB-2DA5-467B-9355-8C336980F2A2}.Release|x64.ActiveCfg = Release|x64
		{25B04DCB-2DA5-467B-9355-8C336980F2A2}.Release|x64.Build.0 = Release|x64
		{25B04DCB-2DA5-467B-9355-8C336980F2A2}.Release|x86.ActiveCfg = Release|Win32
		{25B04DCB-2DA5-467B-9355-8C336980F2A2}.Release|x86.Build.0 = Release|Win32
		{25B04DCB-2DA5-467B-9355-8C336980F2A2}.Release|x86.Deploy.0 = Release|Win32
	EndGlobalSection
	GlobalSection(SolutionProperties) = preSolution
		HideSolutionNode = FALSE
	EndGlobalSection
	GlobalSection(NestedProjects) = preSolution
		{83B33AB6-544E-49B8-B6B0-A16FF14F6CD4} = {98460BE7-533F-4AD8-B8A9-2D086C5693F1}
		{0D652C85-8374-4C96-AC16-FE66029F4EFF} = {8967877F-7765-4DC6-B807-BC66E41BE88D}
		{F81F58AE-4EDA-406C-8F3A-646885EB0D20} = {8967877F-7765-4DC6-B807-BC66E41BE88D}
		{4FBD3BE8-5CF9-482B-B95D-4E1CFFD2B9DE} = {17BDB891-E88D-4851-8D78-3D35009FDC58}
		{833CC367-EC70-4C04-9CD3-53157CBEEBD2} = {17BDB891-E88D-4851-8D78-3D35009FDC58}
		{17BDB891-E88D-4851-8D78-3D35009FDC58} = {F81F58AE-4EDA-406C-8F3A-646885EB0D20}
		{591CC2E3-614F-41B5-A0C4-979644465A48} = {F81F58AE-4EDA-406C-8F3A-646885EB0D20}
		{663E9E41-D328-4A5E-A55D-88669B34CF6E} = {F81F58AE-4EDA-406C-8F3A-646885EB0D20}
		{8D378DEC-E15F-4973-8603-41661FEC55E9} = {F81F58AE-4EDA-406C-8F3A-646885EB0D20}
		{D14EE756-4DBA-406C-BAE5-B3E0DC20D541} = {F81F58AE-4EDA-406C-8F3A-646885EB0D20}
		{FA55CFB5-5D53-4E10-84D7-C6AAF35FF8B5} = {17BDB891-E88D-4851-8D78-3D35009FDC58}
		{D236D114-9A35-420C-9875-BD6C252A4CDD} = {0D652C85-8374-4C96-AC16-FE66029F4EFF}
		{AAE5EA45-13A6-4201-A588-8545CE091369} = {98460BE7-533F-4AD8-B8A9-2D086C5693F1}
		{A5D6E927-C000-45E1-B1B9-F0EA6ECEB5D2} = {98460BE7-533F-4AD8-B8A9-2D086C5693F1}
		{25B04DCB-2DA5-467B-9355-8C336980F2A2} = {98460BE7-533F-4AD8-B8A9-2D086C5693F1}
	EndGlobalSection
	GlobalSection(TeamFoundationVersionControl) = preSolution
		SccNumberOfProjects = 11
		SccEnterpriseProvider = {4CA58AB2-18FA-4F8D-95D4-32DDF27D184C}
		SccTeamFoundationServer = https://alfredocos.visualstudio.com/defaultcollection
		SccLocalPath0 = .
		SccProjectUniqueName1 = Usuario\\Programas\\Calibrator\\Calibrator\\Calibrator.csproj
		SccProjectTopLevelParentUniqueName1 = XHOTAS\u0020Driver.sln
		SccProjectName1 = Usuario/Programas/Calibrator/Calibrator
		SccLocalPath1 = Usuario\\Programas\\Calibrator\\Calibrator
		SccProjectUniqueName2 = Usuario\\Programas\\Calibrator\\DirectInput\\DirectInput.vcxproj
		SccProjectTopLevelParentUniqueName2 = XHOTAS\u0020Driver.sln
		SccProjectName2 = Usuario/Programas/Calibrator/DirectInput
		SccLocalPath2 = Usuario\\Programas\\Calibrator\\DirectInput
		SccProjectUniqueName3 = Usuario\\Programas\\Calibrator\\Interfaz\\Calibrator_antiguo.vbproj
		SccProjectTopLevelParentUniqueName3 = XHOTAS\u0020Driver.sln
		SccProjectName3 = Usuario/Programas/Calibrator/Interfaz
		SccLocalPath3 = Usuario\\Programas\\Calibrator\\Interfaz
		SccProjectUniqueName4 = Usuario\\Programas\\Comsbn\\Comsbn.vcxproj
		SccProjectTopLevelParentUniqueName4 = XHOTAS\u0020Driver.sln
		SccProjectName4 = Usuario/Programas/Comsbn
		SccLocalPath4 = Usuario\\Programas\\Comsbn
		SccProjectUniqueName5 = Usuario\\Programas\\Editor\\Editor.vbproj
		SccProjectTopLevelParentUniqueName5 = XHOTAS\u0020Driver.sln
		SccProjectName5 = Usuario/Programas/Editor
		SccLocalPath5 = Usuario\\Programas\\Editor
		SccProjectUniqueName6 = Usuario\\Programas\\Launcher\\Launcher.vcxproj
		SccProjectTopLevelParentUniqueName6 = XHOTAS\u0020Driver.sln
		SccProjectName6 = Usuario/Programas/Launcher
		SccLocalPath6 = Usuario\\Programas\\Launcher
		SccProjectUniqueName7 = Usuario\\SetupDrv\\DrvAPI.vcxproj
		SccProjectTopLevelParentUniqueName7 = XHOTAS\u0020Driver.sln
		SccProjectName7 = Usuario/SetupDrv
		SccLocalPath7 = Usuario\\SetupDrv
		SccProjectUniqueName8 = Driver\\xh_vmd\\xh_vmd.vcxproj
		SccProjectTopLevelParentUniqueName8 = XHOTAS\u0020Driver.sln
		SccProjectName8 = Driver/xh_vmd
		SccLocalPath8 = Driver\\xh_vmd
		SccProjectUniqueName9 = Driver\\xh_vmdf\\xh_vmdf.vcxproj
		SccProjectTopLevelParentUniqueName9 = XHOTAS\u0020Driver.sln
		SccProjectName9 = Driver/xh_vmdf
		SccLocalPath9 = Driver\\xh_vmdf
		SccProjectUniqueName10 = Driver\\xusb_hid\\xusb_hid.vcxproj
		SccProjectTopLevelParentUniqueName10 = XHOTAS\u0020Driver.sln
		SccProjectName10 = Driver/xusb_hid
		SccLocalPath10 = Driver\\xusb_hid
	EndGlobalSection
EndGlobal
