<?xml version="1.0" encoding="utf-8"?>
<Project ToolsVersion="4.0" xmlns="http://schemas.microsoft.com/developer/msbuild/2003">
  <ItemGroup>
    <Filter Include="Archivos de encabezado">
      <UniqueIdentifier>{93995380-89BD-4b04-88EB-625FBE52EBFB}</UniqueIdentifier>
      <Extensions>h;hh;hpp;hxx;h++;hm;inl;inc;ipp;xsd</Extensions>
    </Filter>
    <Filter Include="Archivos de recursos">
      <UniqueIdentifier>{67DA6AB6-F800-4c08-8B7A-83BB121AAD01}</UniqueIdentifier>
      <Extensions>rc;ico;cur;bmp;dlg;rc2;rct;bin;rgs;gif;jpg;jpeg;jpe;resx;tiff;tif;png;wav;mfcribbon-ms</Extensions>
    </Filter>
    <Filter Include="Base">
      <UniqueIdentifier>{9aee1cae-acc2-4c07-aa09-6a0dba40dbc4}</UniqueIdentifier>
    </Filter>
    <Filter Include="Base\ProcesarEntrada">
      <UniqueIdentifier>{b3579ce4-1646-47ad-a2f0-5b7e8457c71b}</UniqueIdentifier>
    </Filter>
    <Filter Include="Base\ProcesarSalida">
      <UniqueIdentifier>{1045d47f-373b-4110-8477-f837783cbaba}</UniqueIdentifier>
    </Filter>
    <Filter Include="Base\ColaEntrada">
      <UniqueIdentifier>{e761d953-8ff2-4fda-8d9c-09a1567e681e}</UniqueIdentifier>
    </Filter>
    <Filter Include="Base\ProcesarEntrada\GenerarEventos">
      <UniqueIdentifier>{78ce811f-c017-4db2-9b00-ba4609fc8cf5}</UniqueIdentifier>
    </Filter>
    <Filter Include="Base\Perfil">
      <UniqueIdentifier>{b4dcf559-e93e-43e7-bfb0-213784a3f472}</UniqueIdentifier>
    </Filter>
    <Filter Include="Main">
      <UniqueIdentifier>{4FC737F1-C7A5-4376-A066-2A32D752A2FF}</UniqueIdentifier>
      <Extensions>cpp;c;cc;cxx;c++;cppm;ixx;def;odl;idl;hpj;bat;asm;asmx</Extensions>
    </Filter>
    <Filter Include="Base\ColaEventos">
      <UniqueIdentifier>{33116cd5-e9bd-43e1-b278-f5bd6379e802}</UniqueIdentifier>
    </Filter>
    <Filter Include="Base\ProcesarSalida\ProcesarComandos">
      <UniqueIdentifier>{4999236b-cb37-435c-aab0-cfe66ad670ec}</UniqueIdentifier>
    </Filter>
    <Filter Include="Base\X52">
      <UniqueIdentifier>{85c991b5-7eb8-45ac-9ac9-27e1a33d20b4}</UniqueIdentifier>
    </Filter>
  </ItemGroup>
  <ItemGroup>
    <ClInclude Include="xhotas_svc.h">
      <Filter>Archivos de encabezado</Filter>
    </ClInclude>
    <ClInclude Include="Codigo\ProcesarEntrada\CProcesarPedales.h">
      <Filter>Base\ProcesarEntrada</Filter>
    </ClInclude>
    <ClInclude Include="Codigo\ColaEntrada\CColaHID.h">
      <Filter>Base\ColaEntrada</Filter>
    </ClInclude>
    <ClInclude Include="Codigo\ColaEntrada\CPaqueteHID.h">
      <Filter>Base\ColaEntrada</Filter>
    </ClInclude>
    <ClInclude Include="Codigo\ProcesarEntrada\CPreprocesar.h">
      <Filter>Base\ProcesarEntrada</Filter>
    </ClInclude>
    <ClInclude Include="Codigo\ProcesarEntrada\CProcesarNXT.h">
      <Filter>Base\ProcesarEntrada</Filter>
    </ClInclude>
    <ClInclude Include="Codigo\ProcesarEntrada\CProcesarX52.h">
      <Filter>Base\ProcesarEntrada</Filter>
    </ClInclude>
    <ClInclude Include="Codigo\CEntradaHID.h">
      <Filter>Base</Filter>
    </ClInclude>
    <ClInclude Include="Codigo\framework.h">
      <Filter>Base</Filter>
    </ClInclude>
    <ClInclude Include="Codigo\targetver.h">
      <Filter>Base</Filter>
    </ClInclude>
    <ClInclude Include="Codigo\ProcesarSalida\CVirtualHID.h">
      <Filter>Base\ProcesarSalida</Filter>
    </ClInclude>
    <ClInclude Include="Codigo\Perfil\CPerfil.h">
      <Filter>Base\Perfil</Filter>
    </ClInclude>
    <ClInclude Include="Codigo\ColaEventos\CColaEventos.h">
      <Filter>Base\ColaEventos</Filter>
    </ClInclude>
    <ClInclude Include="Codigo\CComs.h">
      <Filter>Base</Filter>
    </ClInclude>
    <ClInclude Include="Codigo\CSalidaHID.h">
      <Filter>Base</Filter>
    </ClInclude>
    <ClInclude Include="Codigo\ProcesarEntrada\GenerarEventos\CGenerarEventos.h">
      <Filter>Base\ProcesarEntrada\GenerarEventos</Filter>
    </ClInclude>
    <ClInclude Include="Codigo\ColaEventos\CPaqueteEventos.h">
      <Filter>Base\ColaEventos</Filter>
    </ClInclude>
    <ClInclude Include="Codigo\ProcesarSalida\CProcesarSalida.h">
      <Filter>Base\ProcesarSalida</Filter>
    </ClInclude>
    <ClInclude Include="Codigo\ProcesarSalida\Comandos\CDirectX.h">
      <Filter>Base\ProcesarSalida\ProcesarComandos</Filter>
    </ClInclude>
    <ClInclude Include="Codigo\ProcesarSalida\Comandos\CRaton.h">
      <Filter>Base\ProcesarSalida\ProcesarComandos</Filter>
    </ClInclude>
    <ClInclude Include="Codigo\ProcesarSalida\Comandos\CTeclado.h">
      <Filter>Base\ProcesarSalida\ProcesarComandos</Filter>
    </ClInclude>
    <ClInclude Include="Codigo\ProcesarEntrada\GenerarEventos\ProcesarUSBs_Botones-Setas.h">
      <Filter>Base\ProcesarEntrada\GenerarEventos</Filter>
    </ClInclude>
    <ClInclude Include="Codigo\ProcesarEntrada\ProcesarUSBs_Calibrado.h">
      <Filter>Base\ProcesarEntrada</Filter>
    </ClInclude>
    <ClInclude Include="Codigo\ProcesarEntrada\GenerarEventos\ProcesarUSBs_Ejes.h">
      <Filter>Base\ProcesarEntrada\GenerarEventos</Filter>
    </ClInclude>
    <ClInclude Include="Codigo\ProcesarSalida\Comandos\CNXT.h">
      <Filter>Base\ProcesarSalida\ProcesarComandos</Filter>
    </ClInclude>
    <ClInclude Include="Codigo\ProcesarSalida\Comandos\CX52.h">
      <Filter>Base\ProcesarSalida\ProcesarComandos</Filter>
    </ClInclude>
    <ClInclude Include="Codigo\ProcesarSalida\Comandos\CEspeciales.h">
      <Filter>Base\ProcesarSalida\ProcesarComandos</Filter>
    </ClInclude>
    <ClInclude Include="Codigo\X52\EscribirUSBX52.h">
      <Filter>Base\X52</Filter>
    </ClInclude>
  </ItemGroup>
  <ItemGroup>
    <ClCompile Include="xhotas_svc.cpp">
      <Filter>Main</Filter>
    </ClCompile>
    <ClCompile Include="Codigo\ProcesarEntrada\CProcesarPedales.cpp">
      <Filter>Base\ProcesarEntrada</Filter>
    </ClCompile>
    <ClCompile Include="Codigo\ColaEntrada\CColaHID.cpp">
      <Filter>Base\ColaEntrada</Filter>
    </ClCompile>
    <ClCompile Include="Codigo\ColaEntrada\CPaqueteHID.cpp">
      <Filter>Base\ColaEntrada</Filter>
    </ClCompile>
    <ClCompile Include="Codigo\ProcesarEntrada\CPreprocesar.cpp">
      <Filter>Base\ProcesarEntrada</Filter>
    </ClCompile>
    <ClCompile Include="Codigo\ProcesarEntrada\CProcesarNXT.cpp">
      <Filter>Base\ProcesarEntrada</Filter>
    </ClCompile>
    <ClCompile Include="Codigo\ProcesarEntrada\CProcesarX52.cpp">
      <Filter>Base\ProcesarEntrada</Filter>
    </ClCompile>
    <ClCompile Include="Codigo\CEntradaHID.cpp">
      <Filter>Base</Filter>
    </ClCompile>
    <ClCompile Include="Codigo\ProcesarSalida\CVirtualHID.cpp">
      <Filter>Base\ProcesarSalida</Filter>
    </ClCompile>
    <ClCompile Include="Codigo\Perfil\CPerfil.cpp">
      <Filter>Base\Perfil</Filter>
    </ClCompile>
    <ClCompile Include="Codigo\ColaEventos\CColaEventos.cpp">
      <Filter>Base\ColaEventos</Filter>
    </ClCompile>
    <ClCompile Include="Codigo\CComs.cpp">
      <Filter>Base</Filter>
    </ClCompile>
    <ClCompile Include="Codigo\CSalidaHID.cpp">
      <Filter>Base</Filter>
    </ClCompile>
    <ClCompile Include="Codigo\ProcesarEntrada\GenerarEventos\CGenerarEventos.cpp">
      <Filter>Base\ProcesarEntrada\GenerarEventos</Filter>
    </ClCompile>
    <ClCompile Include="Codigo\ColaEventos\CPaqueteEventos.cpp">
      <Filter>Base\ColaEventos</Filter>
    </ClCompile>
    <ClCompile Include="Codigo\ProcesarSalida\CProcesarSalida.cpp">
      <Filter>Base\ProcesarSalida</Filter>
    </ClCompile>
    <ClCompile Include="Codigo\ProcesarSalida\Comandos\CDirectX.cpp">
      <Filter>Base\ProcesarSalida\ProcesarComandos</Filter>
    </ClCompile>
    <ClCompile Include="Codigo\ProcesarSalida\Comandos\CRaton.cpp">
      <Filter>Base\ProcesarSalida\ProcesarComandos</Filter>
    </ClCompile>
    <ClCompile Include="Codigo\ProcesarSalida\Comandos\CTeclado.cpp">
      <Filter>Base\ProcesarSalida\ProcesarComandos</Filter>
    </ClCompile>
    <ClCompile Include="Codigo\ProcesarEntrada\ProcesarUSBs_Calibrado.cpp">
      <Filter>Base\ProcesarEntrada</Filter>
    </ClCompile>
    <ClCompile Include="Codigo\ProcesarEntrada\GenerarEventos\ProcesarUSBs_Botones-Setas.cpp">
      <Filter>Base\ProcesarEntrada\GenerarEventos</Filter>
    </ClCompile>
    <ClCompile Include="Codigo\ProcesarSalida\Comandos\CNXT.cpp">
      <Filter>Base\ProcesarSalida\ProcesarComandos</Filter>
    </ClCompile>
    <ClCompile Include="Codigo\ProcesarSalida\Comandos\CX52.cpp">
      <Filter>Base\ProcesarSalida\ProcesarComandos</Filter>
    </ClCompile>
    <ClCompile Include="Codigo\ProcesarSalida\Comandos\CEspeciales.cpp">
      <Filter>Base\ProcesarSalida\ProcesarComandos</Filter>
    </ClCompile>
    <ClCompile Include="Codigo\ProcesarEntrada\GenerarEventos\ProcesarUSBs_Ejes.cpp">
      <Filter>Base\ProcesarEntrada\GenerarEventos</Filter>
    </ClCompile>
    <ClCompile Include="Codigo\X52\EscribirUSBX52.cpp">
      <Filter>Base\X52</Filter>
    </ClCompile>
  </ItemGroup>
  <ItemGroup>
    <ResourceCompile Include="xhotas_svc.rc">
      <Filter>Archivos de recursos</Filter>
    </ResourceCompile>
  </ItemGroup>
</Project>