
Microsoft Visual Studio Solution File, Format Version 12.00
# Visual Studio Version 17
VisualStudioVersion = 17.0.32014.148
MinimumVisualStudioVersion = 10.0.40219.1
Project("{2150E333-8FDC-42A3-9474-1A3956D46DE8}") = "Usuario", "Usuario", "{8967877F-7765-4DC6-B807-BC66E41BE88D}"
EndProject
Project("{2150E333-8FDC-42A3-9474-1A3956D46DE8}") = "Traducciones", "Traducciones", "{D14EE756-4DBA-406C-BAE5-B3E0DC20D541}"
	ProjectSection(SolutionItems) = preProject
		Usuario\Traducciones\english-us.kbp = Usuario\Traducciones\english-us.kbp
		Usuario\Traducciones\english.xml = Usuario\Traducciones\english.xml
		Usuario\Traducciones\español-es.kbp = Usuario\Traducciones\español-es.kbp
		Usuario\Traducciones\spanish.xml = Usuario\Traducciones\spanish.xml
	EndProjectSection
EndProject
Project("{2150E333-8FDC-42A3-9474-1A3956D46DE8}") = "Solution Items", "Solution Items", "{BFBBC84E-E241-4016-8586-0C0DA3E8D388}"
	ProjectSection(SolutionItems) = preProject
		botones.txt = botones.txt
	EndProjectSection
EndProject
Project("{2150E333-8FDC-42A3-9474-1A3956D46DE8}") = "Driver", "Driver", "{71C5F194-8161-48BE-BDF9-1EE18393A7C5}"
EndProject
Project("{8BC9CEB8-8B4A-11D0-8D11-00A0C91BC942}") = "xhotas_usb", "Driver\xhotas_usb\xhotas_usb.vcxproj", "{203E69E3-C0B6-41BC-A809-57E68E3BF0C8}"
EndProject
Project("{8BC9CEB8-8B4A-11D0-8D11-00A0C91BC942}") = "xhotas_svc", "Usuario\xhotas_svc\xhotas_svc.vcxproj", "{FB85A669-9A7B-41E3-A150-48CC55E7C785}"
EndProject
Project("{8BC9CEB8-8B4A-11D0-8D11-00A0C91BC942}") = "xhotas_vhid", "Driver\xhotas_vhid\xhotas_vhid.vcxproj", "{FEB4AA9F-8FCA-4DF6-9037-FCC637936068}"
EndProject
Project("{8BC9CEB8-8B4A-11D0-8D11-00A0C91BC942}") = "DrvSetup", "Driver\SetupDrv\DrvAPI.vcxproj", "{D236D114-9A35-420C-9875-BD6C252A4CDD}"
EndProject
Project("{9A19103F-16F7-4668-BE54-9A1E7A4F7556}") = "Editor", "Usuario\Editor\Editor.csproj", "{73115BAE-7AC2-43F3-9052-72D3773E9266}"
EndProject
Project("{9A19103F-16F7-4668-BE54-9A1E7A4F7556}") = "Launcher", "Usuario\Launcher\Launcher.csproj", "{19E2DF53-6E1E-4812-B33A-5AA0B76347C1}"
EndProject
Project("{9A19103F-16F7-4668-BE54-9A1E7A4F7556}") = "Comunes", "Usuario\Comunes\Comunes.csproj", "{E3E06AAD-247D-4927-9F64-359E4AC1D54F}"
EndProject
Project("{9A19103F-16F7-4668-BE54-9A1E7A4F7556}") = "Calibrator", "Usuario\Calibrator\Calibrator.csproj", "{4D9336C8-5E23-4499-802F-F426A4200B7B}"
EndProject
Project("{2150E333-8FDC-42A3-9474-1A3956D46DE8}") = "Instalación", "Instalación", "{2441832C-96E5-4604-B079-F96D103882E8}"
	ProjectSection(SolutionItems) = preProject
		Driver\Instalación\Setup.exe = Driver\Instalación\Setup.exe
		Driver\Instalación\xhotas_usb.cat = Driver\Instalación\xhotas_usb.cat
		Driver\Instalación\xhotas_usb.inf = Driver\Instalación\xhotas_usb.inf
		Driver\Instalación\xhotas_usb.sys = Driver\Instalación\xhotas_usb.sys
		Driver\Instalación\xhotas_vhid.cat = Driver\Instalación\xhotas_vhid.cat
		Driver\Instalación\xhotas_vhid.inf = Driver\Instalación\xhotas_vhid.inf
		Driver\Instalación\xhotas_vhid.sys = Driver\Instalación\xhotas_vhid.sys
	EndProjectSection
EndProject
Global
	GlobalSection(SolutionConfigurationPlatforms) = preSolution
		Debug|x64 = Debug|x64
		Release|x64 = Release|x64
	EndGlobalSection
	GlobalSection(ProjectConfigurationPlatforms) = postSolution
		{203E69E3-C0B6-41BC-A809-57E68E3BF0C8}.Debug|x64.ActiveCfg = Debug|x64
		{203E69E3-C0B6-41BC-A809-57E68E3BF0C8}.Debug|x64.Build.0 = Debug|x64
		{203E69E3-C0B6-41BC-A809-57E68E3BF0C8}.Debug|x64.Deploy.0 = Debug|x64
		{203E69E3-C0B6-41BC-A809-57E68E3BF0C8}.Release|x64.ActiveCfg = Release|x64
		{203E69E3-C0B6-41BC-A809-57E68E3BF0C8}.Release|x64.Build.0 = Release|x64
		{203E69E3-C0B6-41BC-A809-57E68E3BF0C8}.Release|x64.Deploy.0 = Release|x64
		{FB85A669-9A7B-41E3-A150-48CC55E7C785}.Debug|x64.ActiveCfg = Debug|x64
		{FB85A669-9A7B-41E3-A150-48CC55E7C785}.Debug|x64.Build.0 = Debug|x64
		{FB85A669-9A7B-41E3-A150-48CC55E7C785}.Release|x64.ActiveCfg = Release|x64
		{FB85A669-9A7B-41E3-A150-48CC55E7C785}.Release|x64.Build.0 = Release|x64
		{FEB4AA9F-8FCA-4DF6-9037-FCC637936068}.Debug|x64.ActiveCfg = Debug|x64
		{FEB4AA9F-8FCA-4DF6-9037-FCC637936068}.Debug|x64.Build.0 = Debug|x64
		{FEB4AA9F-8FCA-4DF6-9037-FCC637936068}.Debug|x64.Deploy.0 = Debug|x64
		{FEB4AA9F-8FCA-4DF6-9037-FCC637936068}.Release|x64.ActiveCfg = Release|x64
		{FEB4AA9F-8FCA-4DF6-9037-FCC637936068}.Release|x64.Build.0 = Release|x64
		{FEB4AA9F-8FCA-4DF6-9037-FCC637936068}.Release|x64.Deploy.0 = Release|x64
		{D236D114-9A35-420C-9875-BD6C252A4CDD}.Debug|x64.ActiveCfg = Debug|x64
		{D236D114-9A35-420C-9875-BD6C252A4CDD}.Debug|x64.Build.0 = Debug|x64
		{D236D114-9A35-420C-9875-BD6C252A4CDD}.Release|x64.ActiveCfg = Release|x64
		{D236D114-9A35-420C-9875-BD6C252A4CDD}.Release|x64.Build.0 = Release|x64
		{73115BAE-7AC2-43F3-9052-72D3773E9266}.Debug|x64.ActiveCfg = Debug|x64
		{73115BAE-7AC2-43F3-9052-72D3773E9266}.Debug|x64.Build.0 = Debug|x64
		{73115BAE-7AC2-43F3-9052-72D3773E9266}.Release|x64.ActiveCfg = Release|x64
		{73115BAE-7AC2-43F3-9052-72D3773E9266}.Release|x64.Build.0 = Release|x64
		{19E2DF53-6E1E-4812-B33A-5AA0B76347C1}.Debug|x64.ActiveCfg = Debug|x64
		{19E2DF53-6E1E-4812-B33A-5AA0B76347C1}.Debug|x64.Build.0 = Debug|x64
		{19E2DF53-6E1E-4812-B33A-5AA0B76347C1}.Release|x64.ActiveCfg = Release|x64
		{19E2DF53-6E1E-4812-B33A-5AA0B76347C1}.Release|x64.Build.0 = Release|x64
		{E3E06AAD-247D-4927-9F64-359E4AC1D54F}.Debug|x64.ActiveCfg = Debug|x64
		{E3E06AAD-247D-4927-9F64-359E4AC1D54F}.Debug|x64.Build.0 = Debug|x64
		{E3E06AAD-247D-4927-9F64-359E4AC1D54F}.Release|x64.ActiveCfg = Release|x64
		{E3E06AAD-247D-4927-9F64-359E4AC1D54F}.Release|x64.Build.0 = Release|x64
		{4D9336C8-5E23-4499-802F-F426A4200B7B}.Debug|x64.ActiveCfg = Debug|x64
		{4D9336C8-5E23-4499-802F-F426A4200B7B}.Debug|x64.Build.0 = Debug|x64
		{4D9336C8-5E23-4499-802F-F426A4200B7B}.Release|x64.ActiveCfg = Release|x64
		{4D9336C8-5E23-4499-802F-F426A4200B7B}.Release|x64.Build.0 = Release|x64
	EndGlobalSection
	GlobalSection(SolutionProperties) = preSolution
		HideSolutionNode = FALSE
	EndGlobalSection
	GlobalSection(NestedProjects) = preSolution
		{D14EE756-4DBA-406C-BAE5-B3E0DC20D541} = {8967877F-7765-4DC6-B807-BC66E41BE88D}
		{203E69E3-C0B6-41BC-A809-57E68E3BF0C8} = {71C5F194-8161-48BE-BDF9-1EE18393A7C5}
		{FB85A669-9A7B-41E3-A150-48CC55E7C785} = {8967877F-7765-4DC6-B807-BC66E41BE88D}
		{FEB4AA9F-8FCA-4DF6-9037-FCC637936068} = {71C5F194-8161-48BE-BDF9-1EE18393A7C5}
		{D236D114-9A35-420C-9875-BD6C252A4CDD} = {71C5F194-8161-48BE-BDF9-1EE18393A7C5}
		{73115BAE-7AC2-43F3-9052-72D3773E9266} = {8967877F-7765-4DC6-B807-BC66E41BE88D}
		{19E2DF53-6E1E-4812-B33A-5AA0B76347C1} = {8967877F-7765-4DC6-B807-BC66E41BE88D}
		{E3E06AAD-247D-4927-9F64-359E4AC1D54F} = {8967877F-7765-4DC6-B807-BC66E41BE88D}
		{4D9336C8-5E23-4499-802F-F426A4200B7B} = {8967877F-7765-4DC6-B807-BC66E41BE88D}
		{2441832C-96E5-4604-B079-F96D103882E8} = {71C5F194-8161-48BE-BDF9-1EE18393A7C5}
	EndGlobalSection
	GlobalSection(ExtensibilityGlobals) = postSolution
		SolutionGuid = {92C35703-B89E-4F01-B7CD-259D00B377F4}
	EndGlobalSection
	GlobalSection(TeamFoundationVersionControl) = preSolution
		SccNumberOfProjects = 8
		SccEnterpriseProvider = {4CA58AB2-18FA-4F8D-95D4-32DDF27D184C}
		SccTeamFoundationServer = https://alfredocos.visualstudio.com/
		SccProjectUniqueName0 = Driver\\xhotas_usb\\xhotas_usb.vcxproj
		SccProjectTopLevelParentUniqueName0 = XHOTAS\u0020Driver.sln
		SccProjectName0 = Driver/xhotas_usb
		SccAuxPath0 = https://alfredocos.visualstudio.com
		SccLocalPath0 = Driver\\xhotas_usb
		SccProvider0 = {4CA58AB2-18FA-4F8D-95D4-32DDF27D184C}
		SccProjectUniqueName1 = Usuario\\xhotas_svc\\xhotas_svc.vcxproj
		SccProjectTopLevelParentUniqueName1 = XHOTAS\u0020Driver.sln
		SccProjectName1 = Usuario/xhotas_svc
		SccAuxPath1 = https://alfredocos.visualstudio.com
		SccLocalPath1 = Usuario\\xhotas_svc
		SccProvider1 = {4CA58AB2-18FA-4F8D-95D4-32DDF27D184C}
		SccProjectUniqueName2 = Driver\\xhotas_vhid\\xhotas_vhid.vcxproj
		SccProjectTopLevelParentUniqueName2 = XHOTAS\u0020Driver.sln
		SccProjectName2 = Driver/xhotas_vhid
		SccAuxPath2 = https://alfredocos.visualstudio.com
		SccLocalPath2 = Driver\\xhotas_vhid
		SccProvider2 = {4CA58AB2-18FA-4F8D-95D4-32DDF27D184C}
		SccProjectUniqueName3 = Driver\\SetupDrv\\DrvAPI.vcxproj
		SccProjectTopLevelParentUniqueName3 = XHOTAS\u0020Driver.sln
		SccProjectName3 = Driver/SetupDrv
		SccAuxPath3 = https://alfredocos.visualstudio.com
		SccLocalPath3 = Driver\\SetupDrv
		SccProvider3 = {4CA58AB2-18FA-4F8D-95D4-32DDF27D184C}
		SccProjectUniqueName4 = Usuario\\Editor\\Editor.csproj
		SccProjectTopLevelParentUniqueName4 = XHOTAS\u0020Driver.sln
		SccProjectName4 = Usuario/Editor
		SccAuxPath4 = https://alfredocos.visualstudio.com
		SccLocalPath4 = Usuario\\Editor
		SccProvider4 = {4CA58AB2-18FA-4F8D-95D4-32DDF27D184C}
		SccProjectUniqueName5 = Usuario\\Launcher\\Launcher.csproj
		SccProjectTopLevelParentUniqueName5 = XHOTAS\u0020Driver.sln
		SccProjectName5 = Usuario/Launcher
		SccAuxPath5 = https://alfredocos.visualstudio.com
		SccLocalPath5 = Usuario\\Launcher
		SccProvider5 = {4CA58AB2-18FA-4F8D-95D4-32DDF27D184C}
		SccProjectUniqueName6 = Usuario\\Comunes\\Comunes.csproj
		SccProjectTopLevelParentUniqueName6 = XHOTAS\u0020Driver.sln
		SccProjectName6 = Usuario/Comunes
		SccAuxPath6 = https://alfredocos.visualstudio.com
		SccLocalPath6 = Usuario\\Comunes
		SccProvider6 = {4CA58AB2-18FA-4F8D-95D4-32DDF27D184C}
		SccProjectUniqueName7 = Usuario\\Calibrator\\Calibrator.csproj
		SccProjectTopLevelParentUniqueName7 = XHOTAS\u0020Driver.sln
		SccProjectName7 = Usuario/Calibrator
		SccAuxPath7 = https://alfredocos.visualstudio.com
		SccLocalPath7 = Usuario\\Calibrator
		SccProvider7 = {4CA58AB2-18FA-4F8D-95D4-32DDF27D184C}
	EndGlobalSection
EndGlobal
